
Microsoft Visual Studio Solution File, Format Version 12.00
# Visual Studio 14
VisualStudioVersion = 14.0.25420.1
MinimumVisualStudioVersion = 10.0.40219.1
Project("{FAE04EC0-301F-11D3-BF4B-00C04F79EFBC}") = "ShoppingCart.WebUI", "ShoppingCart.WebUI\ShoppingCart.WebUI.csproj", "{7DD23C51-3797-48F7-906A-0C132F5361E2}"
EndProject
Project("{FAE04EC0-301F-11D3-BF4B-00C04F79EFBC}") = "ShoppingCart.Domain", "ShoppingCart.Domain\ShoppingCart.Domain.csproj", "{606FD76E-36EB-4EAA-A274-378780947D55}"
EndProject
Global
	GlobalSection(SolutionConfigurationPlatforms) = preSolution
		Debug|Any CPU = Debug|Any CPU
		Release|Any CPU = Release|Any CPU
	EndGlobalSection
	GlobalSection(ProjectConfigurationPlatforms) = postSolution
		{7DD23C51-3797-48F7-906A-0C132F5361E2}.Debug|Any CPU.ActiveCfg = Debug|Any CPU
		{7DD23C51-3797-48F7-906A-0C132F5361E2}.Debug|Any CPU.Build.0 = Debug|Any CPU
		{7DD23C51-3797-48F7-906A-0C132F5361E2}.Release|Any CPU.ActiveCfg = Release|Any CPU
		{7DD23C51-3797-48F7-906A-0C132F5361E2}.Release|Any CPU.Build.0 = Release|Any CPU
		{606FD76E-36EB-4EAA-A274-378780947D55}.Debug|Any CPU.ActiveCfg = Debug|Any CPU
		{606FD76E-36EB-4EAA-A274-378780947D55}.Debug|Any CPU.Build.0 = Debug|Any CPU
		{606FD76E-36EB-4EAA-A274-378780947D55}.Release|Any CPU.ActiveCfg = Release|Any CPU
		{606FD76E-36EB-4EAA-A274-378780947D55}.Release|Any CPU.Build.0 = Release|Any CPU
	EndGlobalSection
	GlobalSection(SolutionProperties) = preSolution
		HideSolutionNode = FALSE
	EndGlobalSection
EndGlobal
